// !$*UTF8*$!
{
	archiveVersion = 1;
	classes = {
	};
	objectVersion = 46;
	objects = {

/* Begin PBXBuildFile section */
		63264A951BCA4745007D92DC /* AppDelegate.swift in Sources */ = {isa = PBXBuildFile; fileRef = 63264A941BCA4745007D92DC /* AppDelegate.swift */; };
		63264A971BCA4745007D92DC /* ViewController.swift in Sources */ = {isa = PBXBuildFile; fileRef = 63264A961BCA4745007D92DC /* ViewController.swift */; };
		63264A9A1BCA4745007D92DC /* Main.storyboard in Resources */ = {isa = PBXBuildFile; fileRef = 63264A981BCA4745007D92DC /* Main.storyboard */; };
		63264A9C1BCA4745007D92DC /* Assets.xcassets in Resources */ = {isa = PBXBuildFile; fileRef = 63264A9B1BCA4745007D92DC /* Assets.xcassets */; };
		63264A9F1BCA4745007D92DC /* LaunchScreen.storyboard in Resources */ = {isa = PBXBuildFile; fileRef = 63264A9D1BCA4745007D92DC /* LaunchScreen.storyboard */; };
		63264ABF1BCA4C0B007D92DC /* Alamofire.framework in Frameworks */ = {isa = PBXBuildFile; fileRef = 63264AB11BCA4BBA007D92DC /* Alamofire.framework */; };
		63264AC01BCA4C0B007D92DC /* Alamofire.framework in Embed Frameworks */ = {isa = PBXBuildFile; fileRef = 63264AB11BCA4BBA007D92DC /* Alamofire.framework */; settings = {ATTRIBUTES = (CodeSignOnCopy, RemoveHeadersOnCopy, ); }; };
/* End PBXBuildFile section */

/* Begin PBXContainerItemProxy section */
		63264AB01BCA4BBA007D92DC /* PBXContainerItemProxy */ = {
			isa = PBXContainerItemProxy;
			containerPortal = 63264AA81BCA4BBA007D92DC /* Alamofire.xcodeproj */;
			proxyType = 2;
			remoteGlobalIDString = F8111E3319A95C8B0040E7D1;
			remoteInfo = "Alamofire iOS";
		};
		63264AB21BCA4BBA007D92DC /* PBXContainerItemProxy */ = {
			isa = PBXContainerItemProxy;
			containerPortal = 63264AA81BCA4BBA007D92DC /* Alamofire.xcodeproj */;
			proxyType = 2;
			remoteGlobalIDString = 4DD67C0B1A5C55C900ED2280;
			remoteInfo = "Alamofire OSX";
		};
		63264AB41BCA4BBA007D92DC /* PBXContainerItemProxy */ = {
			isa = PBXContainerItemProxy;
			containerPortal = 63264AA81BCA4BBA007D92DC /* Alamofire.xcodeproj */;
			proxyType = 2;
			remoteGlobalIDString = E4202FE01B667AA100C997FB;
			remoteInfo = "Alamofire watchOS";
		};
		63264AB61BCA4BBA007D92DC /* PBXContainerItemProxy */ = {
			isa = PBXContainerItemProxy;
			containerPortal = 63264AA81BCA4BBA007D92DC /* Alamofire.xcodeproj */;
			proxyType = 2;
			remoteGlobalIDString = F8111E3E19A95C8B0040E7D1;
			remoteInfo = "Alamofire iOS Tests";
		};
		63264AB81BCA4BBA007D92DC /* PBXContainerItemProxy */ = {
			isa = PBXContainerItemProxy;
			containerPortal = 63264AA81BCA4BBA007D92DC /* Alamofire.xcodeproj */;
			proxyType = 2;
			remoteGlobalIDString = F829C6B21A7A94F100A2CD59;
			remoteInfo = "Alamofire OSX Tests";
		};
		63264AC11BCA4C0B007D92DC /* PBXContainerItemProxy */ = {
			isa = PBXContainerItemProxy;
			containerPortal = 63264AA81BCA4BBA007D92DC /* Alamofire.xcodeproj */;
			proxyType = 1;
			remoteGlobalIDString = F8111E3219A95C8B0040E7D1;
			remoteInfo = "Alamofire iOS";
		};
/* End PBXContainerItemProxy section */

/* Begin PBXCopyFilesBuildPhase section */
		63264AC31BCA4C0B007D92DC /* Embed Frameworks */ = {
			isa = PBXCopyFilesBuildPhase;
			buildActionMask = 2147483647;
			dstPath = "";
			dstSubfolderSpec = 10;
			files = (
				63264AC01BCA4C0B007D92DC /* Alamofire.framework in Embed Frameworks */,
			);
			name = "Embed Frameworks";
			runOnlyForDeploymentPostprocessing = 0;
		};
/* End PBXCopyFilesBuildPhase section */

/* Begin PBXFileReference section */
		63264A911BCA4745007D92DC /* GalleryApp.app */ = {isa = PBXFileReference; explicitFileType = wrapper.application; includeInIndex = 0; path = GalleryApp.app; sourceTree = BUILT_PRODUCTS_DIR; };
		63264A941BCA4745007D92DC /* AppDelegate.swift */ = {isa = PBXFileReference; lastKnownFileType = sourcecode.swift; path = AppDelegate.swift; sourceTree = "<group>"; };
		63264A961BCA4745007D92DC /* ViewController.swift */ = {isa = PBXFileReference; lastKnownFileType = sourcecode.swift; path = ViewController.swift; sourceTree = "<group>"; };
		63264A991BCA4745007D92DC /* Base */ = {isa = PBXFileReference; lastKnownFileType = file.storyboard; name = Base; path = Base.lproj/Main.storyboard; sourceTree = "<group>"; };
		63264A9B1BCA4745007D92DC /* Assets.xcassets */ = {isa = PBXFileReference; lastKnownFileType = folder.assetcatalog; path = Assets.xcassets; sourceTree = "<group>"; };
		63264A9E1BCA4745007D92DC /* Base */ = {isa = PBXFileReference; lastKnownFileType = file.storyboard; name = Base; path = Base.lproj/LaunchScreen.storyboard; sourceTree = "<group>"; };
		63264AA01BCA4745007D92DC /* Info.plist */ = {isa = PBXFileReference; lastKnownFileType = text.plist.xml; path = Info.plist; sourceTree = "<group>"; };
		63264AA81BCA4BBA007D92DC /* Alamofire.xcodeproj */ = {isa = PBXFileReference; lastKnownFileType = "wrapper.pb-project"; name = Alamofire.xcodeproj; path = "Alamofire-master/Alamofire.xcodeproj"; sourceTree = "<group>"; };
/* End PBXFileReference section */

/* Begin PBXFrameworksBuildPhase section */
		63264A8E1BCA4745007D92DC /* Frameworks */ = {
			isa = PBXFrameworksBuildPhase;
			buildActionMask = 2147483647;
			files = (
				63264ABF1BCA4C0B007D92DC /* Alamofire.framework in Frameworks */,
			);
			runOnlyForDeploymentPostprocessing = 0;
		};
/* End PBXFrameworksBuildPhase section */

/* Begin PBXGroup section */
		63264A881BCA4744007D92DC = {
			isa = PBXGroup;
			children = (
				63264AA81BCA4BBA007D92DC /* Alamofire.xcodeproj */,
				63264A931BCA4745007D92DC /* GalleryApp */,
				63264A921BCA4745007D92DC /* Products */,
			);
			sourceTree = "<group>";
		};
		63264A921BCA4745007D92DC /* Products */ = {
			isa = PBXGroup;
			children = (
				63264A911BCA4745007D92DC /* GalleryApp.app */,
			);
			name = Products;
			sourceTree = "<group>";
		};
		63264A931BCA4745007D92DC /* GalleryApp */ = {
			isa = PBXGroup;
			children = (
				63264A941BCA4745007D92DC /* AppDelegate.swift */,
				63264A961BCA4745007D92DC /* ViewController.swift */,
				63264A981BCA4745007D92DC /* Main.storyboard */,
				63264A9B1BCA4745007D92DC /* Assets.xcassets */,
				63264A9D1BCA4745007D92DC /* LaunchScreen.storyboard */,
				63264AA01BCA4745007D92DC /* Info.plist */,
			);
			path = GalleryApp;
			sourceTree = "<group>";
		};
		63264AA91BCA4BBA007D92DC /* Products */ = {
			isa = PBXGroup;
			children = (
				63264AB11BCA4BBA007D92DC /* Alamofire.framework */,
				63264AB31BCA4BBA007D92DC /* Alamofire.framework */,
				63264AB51BCA4BBA007D92DC /* Alamofire.framework */,
				63264AB71BCA4BBA007D92DC /* Alamofire iOS Tests.xctest */,
				63264AB91BCA4BBA007D92DC /* Alamofire OSX Tests.xctest */,
			);
			name = Products;
			sourceTree = "<group>";
		};
/* End PBXGroup section */

/* Begin PBXNativeTarget section */
		63264A901BCA4745007D92DC /* GalleryApp */ = {
			isa = PBXNativeTarget;
			buildConfigurationList = 63264AA31BCA4745007D92DC /* Build configuration list for PBXNativeTarget "GalleryApp" */;
			buildPhases = (
				63264A8D1BCA4745007D92DC /* Sources */,
				63264A8E1BCA4745007D92DC /* Frameworks */,
				63264A8F1BCA4745007D92DC /* Resources */,
				63264AC31BCA4C0B007D92DC /* Embed Frameworks */,
			);
			buildRules = (
			);
			dependencies = (
				63264AC21BCA4C0B007D92DC /* PBXTargetDependency */,
			);
			name = GalleryApp;
			productName = GalleryApp;
			productReference = 63264A911BCA4745007D92DC /* GalleryApp.app */;
			productType = "com.apple.product-type.application";
		};
/* End PBXNativeTarget section */

/* Begin PBXProject section */
		63264A891BCA4744007D92DC /* Project object */ = {
			isa = PBXProject;
			attributes = {
				LastUpgradeCheck = 0700;
				ORGANIZATIONNAME = "Sagar Kudale";
				TargetAttributes = {
					63264A901BCA4745007D92DC = {
						CreatedOnToolsVersion = 7.0;
					};
				};
			};
			buildConfigurationList = 63264A8C1BCA4745007D92DC /* Build configuration list for PBXProject "GalleryApp" */;
			compatibilityVersion = "Xcode 3.2";
			developmentRegion = English;
			hasScannedForEncodings = 0;
			knownRegions = (
				en,
				Base,
			);
			mainGroup = 63264A881BCA4744007D92DC;
			productRefGroup = 63264A921BCA4745007D92DC /* Products */;
			projectDirPath = "";
			projectReferences = (
				{
					ProductGroup = 63264AA91BCA4BBA007D92DC /* Products */;
					ProjectRef = 63264AA81BCA4BBA007D92DC /* Alamofire.xcodeproj */;
				},
			);
			projectRoot = "";
			targets = (
				63264A901BCA4745007D92DC /* GalleryApp */,
			);
		};
/* End PBXProject section */

/* Begin PBXReferenceProxy section */
		63264AB11BCA4BBA007D92DC /* Alamofire.framework */ = {
			isa = PBXReferenceProxy;
			fileType = wrapper.framework;
			path = Alamofire.framework;
			remoteRef = 63264AB01BCA4BBA007D92DC /* PBXContainerItemProxy */;
			sourceTree = BUILT_PRODUCTS_DIR;
		};
		63264AB31BCA4BBA007D92DC /* Alamofire.framework */ = {
			isa = PBXReferenceProxy;
			fileType = wrapper.framework;
			path = Alamofire.framework;
			remoteRef = 63264AB21BCA4BBA007D92DC /* PBXContainerItemProxy */;
			sourceTree = BUILT_PRODUCTS_DIR;
		};
		63264AB51BCA4BBA007D92DC /* Alamofire.framework */ = {
			isa = PBXReferenceProxy;
			fileType = wrapper.framework;
			path = Alamofire.framework;
			remoteRef = 63264AB41BCA4BBA007D92DC /* PBXContainerItemProxy */;
			sourceTree = BUILT_PRODUCTS_DIR;
		};
		63264AB71BCA4BBA007D92DC /* Alamofire iOS Tests.xctest */ = {
			isa = PBXReferenceProxy;
			fileType = wrapper.cfbundle;
			path = "Alamofire iOS Tests.xctest";
			remoteRef = 63264AB61BCA4BBA007D92DC /* PBXContainerItemProxy */;
			sourceTree = BUILT_PRODUCTS_DIR;
		};
		63264AB91BCA4BBA007D92DC /* Alamofire OSX Tests.xctest */ = {
			isa = PBXReferenceProxy;
			fileType = wrapper.cfbundle;
			path = "Alamofire OSX Tests.xctest";
			remoteRef = 63264AB81BCA4BBA007D92DC /* PBXContainerItemProxy */;
			sourceTree = BUILT_PRODUCTS_DIR;
		};
/* End PBXReferenceProxy section */

/* Begin PBXResourcesBuildPhase section */
		63264A8F1BCA4745007D92DC /* Resources */ = {
			isa = PBXResourcesBuildPhase;
			buildActionMask = 2147483647;
			files = (
				63264A9F1BCA4745007D92DC /* LaunchScreen.storyboard in Resources */,
				63264A9C1BCA4745007D92DC /* Assets.xcassets in Resources */,
				63264A9A1BCA4745007D92DC /* Main.storyboard in Resources */,
			);
			runOnlyForDeploymentPostprocessing = 0;
		};
/* End PBXResourcesBuildPhase section */

/* Begin PBXSourcesBuildPhase section */
		63264A8D1BCA4745007D92DC /* Sources */ = {
			isa = PBXSourcesBuildPhase;
			buildActionMask = 2147483647;
			files = (
				63264A971BCA4745007D92DC /* ViewController.swift in Sources */,
				63264A951BCA4745007D92DC /* AppDelegate.swift in Sources */,
			);
			runOnlyForDeploymentPostprocessing = 0;
		};
/* End PBXSourcesBuildPhase section */

/* Begin PBXTargetDependency section */
		63264AC21BCA4C0B007D92DC /* PBXTargetDependency */ = {
			isa = PBXTargetDependency;
			name = "Alamofire iOS";
			targetProxy = 63264AC11BCA4C0B007D92DC /* PBXContainerItemProxy */;
		};
/* End PBXTargetDependency section */

/* Begin PBXVariantGroup section */
		63264A981BCA4745007D92DC /* Main.storyboard */ = {
			isa = PBXVariantGroup;
			children = (
				63264A991BCA4745007D92DC /* Base */,
			);
			name = Main.storyboard;
			sourceTree = "<group>";
		};
		63264A9D1BCA4745007D92DC /* LaunchScreen.storyboard */ = {
			isa = PBXVariantGroup;
			children = (
				63264A9E1BCA4745007D92DC /* Base */,
			);
			name = LaunchScreen.storyboard;
			sourceTree = "<group>";
		};
/* End PBXVariantGroup section */

/* Begin XCBuildConfiguration section */
		63264AA11BCA4745007D92DC /* Debug */ = {
			isa = XCBuildConfiguration;
			buildSettings = {
				ALWAYS_SEARCH_USER_PATHS = NO;
				CLANG_CXX_LANGUAGE_STANDARD = "gnu++0x";
				CLANG_CXX_LIBRARY = "libc++";
				CLANG_ENABLE_MODULES = YES;
				CLANG_ENABLE_OBJC_ARC = YES;
				CLANG_WARN_BOOL_CONVERSION = YES;
				CLANG_WARN_CONSTANT_CONVERSION = YES;
				CLANG_WARN_DIRECT_OBJC_ISA_USAGE = YES_ERROR;
				CLANG_WARN_EMPTY_BODY = YES;
				CLANG_WARN_ENUM_CONVERSION = YES;
				CLANG_WARN_INT_CONVERSION = YES;
				CLANG_WARN_OBJC_ROOT_CLASS = YES_ERROR;
				CLANG_WARN_UNREACHABLE_CODE = YES;
				CLANG_WARN__DUPLICATE_METHOD_MATCH = YES;
				"CODE_SIGN_IDENTITY[sdk=iphoneos*]" = "iPhone Developer";
				COPY_PHASE_STRIP = NO;
				DEBUG_INFORMATION_FORMAT = dwarf;
				ENABLE_STRICT_OBJC_MSGSEND = YES;
				ENABLE_TESTABILITY = YES;
				GCC_C_LANGUAGE_STANDARD = gnu99;
				GCC_DYNAMIC_NO_PIC = NO;
				GCC_NO_COMMON_BLOCKS = YES;
				GCC_OPTIMIZATION_LEVEL = 0;
				GCC_PREPROCESSOR_DEFINITIONS = (
					"DEBUG=1",
					"$(inherited)",
				);
				GCC_WARN_64_TO_32_BIT_CONVERSION = YES;
				GCC_WARN_ABOUT_RETURN_TYPE = YES_ERROR;
				GCC_WARN_UNDECLARED_SELECTOR = YES;
				GCC_WARN_UNINITIALIZED_AUTOS = YES_AGGRESSIVE;
				GCC_WARN_UNUSED_FUNCTION = YES;
				GCC_WARN_UNUSED_VARIABLE = YES;
				IPHONEOS_DEPLOYMENT_TARGET = 9.0;
				MTL_ENABLE_DEBUG_INFO = YES;
				ONLY_ACTIVE_ARCH = YES;
				SDKROOT = iphoneos;
				SWIFT_OPTIMIZATION_LEVEL = "-Onone";
				TARGETED_DEVICE_FAMILY = "1,2";
			};
			name = Debug;
		};
		63264AA21BCA4745007D92DC /* Release */ = {
			isa = XCBuildConfiguration;
			buildSettings = {
				ALWAYS_SEARCH_USER_PATHS = NO;
				CLANG_CXX_LANGUAGE_STANDARD = "gnu++0x";
				CLANG_CXX_LIBRARY = "libc++";
				CLANG_ENABLE_MODULES = YES;
				CLANG_ENABLE_OBJC_ARC = YES;
				CLANG_WARN_BOOL_CONVERSION = YES;
				CLANG_WARN_CONSTANT_CONVERSION = YES;
				CLANG_WARN_DIRECT_OBJC_ISA_USAGE = YES_ERROR;
				CLANG_WARN_EMPTY_BODY = YES;
				CLANG_WARN_ENUM_CONVERSION = YES;
				CLANG_WARN_INT_CONVERSION = YES;
				CLANG_WARN_OBJC_ROOT_CLASS = YES_ERROR;
				CLANG_WARN_UNREACHABLE_CODE = YES;
				CLANG_WARN__DUPLICATE_METHOD_MATCH = YES;
				"CODE_SIGN_IDENTITY[sdk=iphoneos*]" = "iPhone Developer";
				COPY_PHASE_STRIP = NO;
				DEBUG_INFORMATION_FORMAT = "dwarf-with-dsym";
				ENABLE_NS_ASSERTIONS = NO;
				ENABLE_STRICT_OBJC_MSGSEND = YES;
				GCC_C_LANGUAGE_STANDARD = gnu99;
				GCC_NO_COMMON_BLOCKS = YES;
				GCC_WARN_64_TO_32_BIT_CONVERSION = YES;
				GCC_WARN_ABOUT_RETURN_TYPE = YES_ERROR;
				GCC_WARN_UNDECLARED_SELECTOR = YES;
				GCC_WARN_UNINITIALIZED_AUTOS = YES_AGGRESSIVE;
				GCC_WARN_UNUSED_FUNCTION = YES;
				GCC_WARN_UNUSED_VARIABLE = YES;
				IPHONEOS_DEPLOYMENT_TARGET = 9.0;
				MTL_ENABLE_DEBUG_INFO = NO;
				SDKROOT = iphoneos;
				TARGETED_DEVICE_FAMILY = "1,2";
				VALIDATE_PRODUCT = YES;
			};
			name = Release;
		};
		63264AA41BCA4745007D92DC /* Debug */ = {
			isa = XCBuildConfiguration;
			buildSettings = {
				ASSETCATALOG_COMPILER_APPICON_NAME = AppIcon;
				EMBEDDED_CONTENT_CONTAINS_SWIFT = YES;
				INFOPLIST_FILE = GalleryApp/Info.plist;
				LD_RUNPATH_SEARCH_PATHS = "$(inherited) @executable_path/Frameworks";
				PRODUCT_BUNDLE_IDENTIFIER = com.SagarKudale.GalleryApp;
				PRODUCT_NAME = "$(TARGET_NAME)";
			};
			name = Debug;
		};
		63264AA51BCA4745007D92DC /* Release */ = {
			isa = XCBuildConfiguration;
			buildSettings = {
				ASSETCATALOG_COMPILER_APPICON_NAME = AppIcon;
				EMBEDDED_CONTENT_CONTAINS_SWIFT = YES;
				INFOPLIST_FILE = GalleryApp/Info.plist;
				LD_RUNPATH_SEARCH_PATHS = "$(inherited) @executable_path/Frameworks";
				PRODUCT_BUNDLE_IDENTIFIER = com.SagarKudale.GalleryApp;
				PRODUCT_NAME = "$(TARGET_NAME)";
			};
			name = Release;
		};
/* End XCBuildConfiguration section */

/* Begin XCConfigurationList section */
		63264A8C1BCA4745007D92DC /* Build configuration list for PBXProject "GalleryApp" */ = {
			isa = XCConfigurationList;
			buildConfigurations = (
				63264AA11BCA4745007D92DC /* Debug */,
				63264AA21BCA4745007D92DC /* Release */,
			);
			defaultConfigurationIsVisible = 0;
			defaultConfigurationName = Release;
		};
		63264AA31BCA4745007D92DC /* Build configuration list for PBXNativeTarget "GalleryApp" */ = {
			isa = XCConfigurationList;
			buildConfigurations = (
				63264AA41BCA4745007D92DC /* Debug */,
				63264AA51BCA4745007D92DC /* Release */,
			);
			defaultConfigurationIsVisible = 0;
			defaultConfigurationName = Release;
		};
/* End XCConfigurationList section */
	};
	rootObject = 63264A891BCA4744007D92DC /* Project object */;
}
